<?xml version="1.0" encoding="utf-8"?>
<Project ToolsVersion="4.0" xmlns="http://schemas.microsoft.com/developer/msbuild/2003">
  <ItemGroup>
    <Filter Include="Source Files">
      <UniqueIdentifier>{4FC737F1-C7A5-4376-A066-2A32D752A2FF}</UniqueIdentifier>
      <Extensions>cpp;c;cc;cxx;def;odl;idl;hpj;bat;asm;asmx</Extensions>
    </Filter>
    <Filter Include="Header Files">
      <UniqueIdentifier>{93995380-89BD-4b04-88EB-625FBE52EBFB}</UniqueIdentifier>
      <Extensions>h;hh;hpp;hxx;hm;inl;inc;ipp;xsd</Extensions>
    </Filter>
    <Filter Include="Resource Files">
      <UniqueIdentifier>{67DA6AB6-F800-4c08-8B7A-83BB121AAD01}</UniqueIdentifier>
      <Extensions>rc;ico;cur;bmp;dlg;rc2;rct;bin;rgs;gif;jpg;jpeg;jpe;resx;tiff;tif;png;wav;mfcribbon-ms</Extensions>
    </Filter>
    <Filter Include="Header Files\ImGui">
      <UniqueIdentifier>{d33b5085-f6dd-4841-a343-d0be4756727d}</UniqueIdentifier>
    </Filter>
    <Filter Include="Source Files\ImGui">
      <UniqueIdentifier>{e053fe1d-b2b1-4d38-8985-9fee343372b4}</UniqueIdentifier>
    </Filter>
    <Filter Include="Source Files\CadSpecific">
      <UniqueIdentifier>{93fcc72a-86b3-4b5c-9aa1-add618a514f2}</UniqueIdentifier>
    </Filter>
    <Filter Include="Header Files\CadSpecific">
      <UniqueIdentifier>{e06ed4f5-02c0-46d3-854d-ab5fdbcdb140}</UniqueIdentifier>
    </Filter>
    <Filter Include="Source Files\DirectXWrappers">
      <UniqueIdentifier>{240f30a2-59d2-4d2f-ba1a-6913a023ac7a}</UniqueIdentifier>
    </Filter>
    <Filter Include="Header Files\Cameras">
      <UniqueIdentifier>{28d17a9b-ae86-4804-9ff7-54edf9c8ce26}</UniqueIdentifier>
    </Filter>
    <Filter Include="Source Files\Cameras">
      <UniqueIdentifier>{c41c185a-5b00-4c63-9b2e-2a1943fd7171}</UniqueIdentifier>
    </Filter>
    <Filter Include="Source Files\CadSpecific\Objects">
      <UniqueIdentifier>{30d1a074-0afa-4c19-a212-3997076837ae}</UniqueIdentifier>
    </Filter>
    <Filter Include="Header Files\CadSpecific\Objects">
      <UniqueIdentifier>{83e84a9b-6edd-452e-afac-fc57eece4385}</UniqueIdentifier>
    </Filter>
    <Filter Include="Header Files\CadSpecific\Scene">
      <UniqueIdentifier>{13f6de5f-9ca1-4d03-8415-ad13fd5c2160}</UniqueIdentifier>
    </Filter>
    <Filter Include="Source Files\CadSpecific\Scene">
      <UniqueIdentifier>{36027293-0cd6-40ea-8a7a-64a7cbec1d10}</UniqueIdentifier>
    </Filter>
    <Filter Include="Header Files\CadSpecific\Transformations">
      <UniqueIdentifier>{fc149d2d-c52a-4f47-8b0d-1ef523790a41}</UniqueIdentifier>
    </Filter>
    <Filter Include="Header Files\CadSpecific\Objects\Concrete">
      <UniqueIdentifier>{bcc0128d-b049-4072-b3a6-9d856081a344}</UniqueIdentifier>
    </Filter>
    <Filter Include="Header Files\CadSpecific\Objects\Type">
      <UniqueIdentifier>{f7b28fb0-e130-4ee9-86e1-da901c9ebd9c}</UniqueIdentifier>
    </Filter>
    <Filter Include="Source Files\CadSpecific\Objects\Concrete">
      <UniqueIdentifier>{8617ad55-22b5-45a3-b791-70bb8bf72828}</UniqueIdentifier>
    </Filter>
    <Filter Include="Source Files\CadSpecific\Objects\Type">
      <UniqueIdentifier>{dd8e5719-2828-45ab-bb03-2121307b64b3}</UniqueIdentifier>
    </Filter>
    <Filter Include="Header Files\CadSpecific\Utils">
      <UniqueIdentifier>{ce83cfe3-6f1f-4f53-845a-c9aa45959e6b}</UniqueIdentifier>
    </Filter>
    <Filter Include="Source Files\CadSpecific\Utils">
      <UniqueIdentifier>{02257dfc-a3ad-446e-8e09-69de375396a0}</UniqueIdentifier>
    </Filter>
    <Filter Include="Source Files\CadSpecific\Transformations">
      <UniqueIdentifier>{70c12690-e663-49a3-a7de-67afcd573826}</UniqueIdentifier>
    </Filter>
    <Filter Include="Source Files\Window">
      <UniqueIdentifier>{03b773ca-2bc0-4127-bfb9-0b2e6517b08d}</UniqueIdentifier>
    </Filter>
    <Filter Include="Header Files\Window">
      <UniqueIdentifier>{b2e3d4f5-709d-48fc-bfe8-234f8caee353}</UniqueIdentifier>
    </Filter>
    <Filter Include="Header Files\ImGui\DirectXWrappers">
      <UniqueIdentifier>{a0522e84-fcd9-4d9c-a766-437a93918a6a}</UniqueIdentifier>
    </Filter>
    <Filter Include="Shaders">
      <UniqueIdentifier>{704bd5e8-b256-4efd-8884-bb80f8698b2c}</UniqueIdentifier>
    </Filter>
    <Filter Include="Header Files\Rendering">
      <UniqueIdentifier>{1ecfc08e-bd43-4996-bc74-251402b716b7}</UniqueIdentifier>
    </Filter>
    <Filter Include="Header Files\Rendering\RenderPass">
      <UniqueIdentifier>{f3c905d2-49ae-4377-85cc-989708f002cc}</UniqueIdentifier>
    </Filter>
    <Filter Include="Header Files\Rendering\RenderTargets">
      <UniqueIdentifier>{67bbb5f2-8a43-486e-a24d-99f34b5a9802}</UniqueIdentifier>
    </Filter>
    <Filter Include="Source Files\Rendering">
      <UniqueIdentifier>{a787eca8-3878-4295-b431-8979b131fa45}</UniqueIdentifier>
    </Filter>
    <Filter Include="Source Files\Rendering\RenderPass">
      <UniqueIdentifier>{866115e1-73d7-45ee-bc2b-b6eb3931b714}</UniqueIdentifier>
    </Filter>
    <Filter Include="Source Files\Rendering\RenderTargets">
      <UniqueIdentifier>{fc2a8eeb-d486-4fe9-aa4c-d0eb9f65a51b}</UniqueIdentifier>
    </Filter>
    <Filter Include="Shaders\Texture Rendering">
      <UniqueIdentifier>{8c7379c4-9ee3-4087-b79b-7987ed47d127}</UniqueIdentifier>
    </Filter>
    <Filter Include="Shaders\BezierPatch">
      <UniqueIdentifier>{504837e6-a3ee-4172-961d-201f6378d98d}</UniqueIdentifier>
    </Filter>
  </ItemGroup>
  <ItemGroup>
    <ClInclude Include="imconfig.h">
      <Filter>Header Files\ImGui</Filter>
    </ClInclude>
    <ClInclude Include="imgui.h">
      <Filter>Header Files\ImGui</Filter>
    </ClInclude>
    <ClInclude Include="imgui_internal.h">
      <Filter>Header Files\ImGui</Filter>
    </ClInclude>
    <ClInclude Include="imgui_impl_dx11.h">
      <Filter>Header Files\ImGui</Filter>
    </ClInclude>
    <ClInclude Include="imgui_impl_win32.h">
      <Filter>Header Files\ImGui</Filter>
    </ClInclude>
    <ClInclude Include="imstb_rectpack.h">
      <Filter>Header Files\ImGui</Filter>
    </ClInclude>
    <ClInclude Include="imstb_textedit.h">
      <Filter>Header Files\ImGui</Filter>
    </ClInclude>
    <ClInclude Include="imstb_truetype.h">
      <Filter>Header Files\ImGui</Filter>
    </ClInclude>
    <ClInclude Include="dxApplication.h">
      <Filter>Header Files\ImGui\DirectXWrappers</Filter>
    </ClInclude>
    <ClInclude Include="dxDevice.h">
      <Filter>Header Files\ImGui\DirectXWrappers</Filter>
    </ClInclude>
    <ClInclude Include="dxptr.h">
      <Filter>Header Files\ImGui\DirectXWrappers</Filter>
    </ClInclude>
    <ClInclude Include="dxStructures.h">
      <Filter>Header Files\ImGui\DirectXWrappers</Filter>
    </ClInclude>
    <ClInclude Include="camera.h">
      <Filter>Header Files\Cameras</Filter>
    </ClInclude>
    <ClInclude Include="CameraController.h">
      <Filter>Header Files\Cameras</Filter>
    </ClInclude>
    <ClInclude Include="ObjectFactory.h">
      <Filter>Header Files\CadSpecific\Objects</Filter>
    </ClInclude>
    <ClInclude Include="torusGenerator.h">
      <Filter>Header Files\CadSpecific\Objects</Filter>
    </ClInclude>
    <ClInclude Include="Scene.h">
      <Filter>Header Files\CadSpecific\Scene</Filter>
    </ClInclude>
    <ClInclude Include="Transform.h">
      <Filter>Header Files\CadSpecific\Objects</Filter>
    </ClInclude>
    <ClInclude Include="Node.h">
      <Filter>Header Files\CadSpecific\Scene</Filter>
    </ClInclude>
    <ClInclude Include="PointSelector.h">
      <Filter>Header Files\CadSpecific</Filter>
    </ClInclude>
    <ClInclude Include="ObjectTransformer.h">
      <Filter>Header Files\CadSpecific\Transformations</Filter>
    </ClInclude>
    <ClInclude Include="TransformationController.h">
      <Filter>Header Files\CadSpecific\Transformations</Filter>
    </ClInclude>
    <ClInclude Include="Object.h">
      <Filter>Header Files\CadSpecific\Objects\Type</Filter>
    </ClInclude>
    <ClInclude Include="MeshObject.h">
      <Filter>Header Files\CadSpecific\Objects\Type</Filter>
    </ClInclude>
    <ClInclude Include="Point.h">
      <Filter>Header Files\CadSpecific\Objects\Concrete</Filter>
    </ClInclude>
    <ClInclude Include="Torus.h">
      <Filter>Header Files\CadSpecific\Objects\Concrete</Filter>
    </ClInclude>
    <ClInclude Include="SpawnMarker.h">
      <Filter>Header Files\CadSpecific\Objects\Concrete</Filter>
    </ClInclude>
    <ClInclude Include="ParametrizedObject2D.h">
      <Filter>Header Files\CadSpecific\Objects\Type</Filter>
    </ClInclude>
    <ClInclude Include="renderState.h">
      <Filter>Header Files\Rendering</Filter>
    </ClInclude>
    <ClInclude Include="objects.h">
      <Filter>Header Files\CadSpecific\Objects</Filter>
    </ClInclude>
    <ClInclude Include="vertexStructures.h">
      <Filter>Header Files\CadSpecific\Utils</Filter>
    </ClInclude>
    <ClInclude Include="exceptions.h">
      <Filter>Header Files\Window</Filter>
    </ClInclude>
    <ClInclude Include="window.h">
      <Filter>Header Files\Window</Filter>
    </ClInclude>
    <ClInclude Include="windowApplication.h">
      <Filter>Header Files\Window</Filter>
    </ClInclude>
    <ClInclude Include="GroupNode.h">
      <Filter>Header Files\CadSpecific\Scene</Filter>
    </ClInclude>
    <ClInclude Include="BezierCurve.h">
      <Filter>Header Files\CadSpecific\Objects\Concrete</Filter>
    </ClInclude>
    <ClInclude Include="bezierCalculator.h">
      <Filter>Header Files\CadSpecific\Utils</Filter>
    </ClInclude>
    <ClInclude Include="BezierCurveC2.h">
      <Filter>Header Files\CadSpecific\Objects\Concrete</Filter>
    </ClInclude>
    <ClInclude Include="mathUtils.h">
      <Filter>Header Files\CadSpecific\Utils</Filter>
    </ClInclude>
    <ClInclude Include="adaptiveRenderingCalculator.h">
      <Filter>Header Files\Rendering</Filter>
    </ClInclude>
    <ClInclude Include="generalUtils.h">
      <Filter>Header Files\CadSpecific\Utils</Filter>
    </ClInclude>
    <ClInclude Include="SceneGrid.h">
      <Filter>Header Files\CadSpecific\Objects\Concrete</Filter>
    </ClInclude>
    <ClInclude Include="InterpolationBezierCurveC2.h">
      <Filter>Header Files\CadSpecific\Objects\Concrete</Filter>
    </ClInclude>
    <ClInclude Include="DefaultRenderPass.h">
      <Filter>Header Files\Rendering\RenderPass</Filter>
    </ClInclude>
    <ClInclude Include="IRenderPass.h">
      <Filter>Header Files\Rendering\RenderPass</Filter>
    </ClInclude>
    <ClInclude Include="BackBufferRenderTarget.h">
      <Filter>Header Files\Rendering\RenderTargets</Filter>
    </ClInclude>
    <ClInclude Include="TextureRenderTarget.h">
      <Filter>Header Files\Rendering\RenderTargets</Filter>
    </ClInclude>
    <ClInclude Include="IRenderTarget.h">
      <Filter>Header Files\Rendering\RenderTargets</Filter>
    </ClInclude>
    <ClInclude Include="StereoscopicRenderPass.h">
      <Filter>Header Files\Rendering\RenderPass</Filter>
    </ClInclude>
    <ClInclude Include="BezierSurfaceC0.h">
      <Filter>Header Files\CadSpecific\Objects\Concrete</Filter>
    </ClInclude>
    <ClInclude Include="BezierPatch.h">
      <Filter>Header Files\CadSpecific\Objects\Concrete</Filter>
    </ClInclude>
  </ItemGroup>
  <ItemGroup>
    <ClCompile Include="imgui.cpp">
      <Filter>Source Files\ImGui</Filter>
    </ClCompile>
    <ClCompile Include="imgui_demo.cpp">
      <Filter>Source Files\ImGui</Filter>
    </ClCompile>
    <ClCompile Include="imgui_draw.cpp">
      <Filter>Source Files\ImGui</Filter>
    </ClCompile>
    <ClCompile Include="imgui_widgets.cpp">
      <Filter>Source Files\ImGui</Filter>
    </ClCompile>
    <ClCompile Include="imgui_impl_dx11.cpp">
      <Filter>Source Files\ImGui</Filter>
    </ClCompile>
    <ClCompile Include="imgui_impl_win32.cpp">
      <Filter>Source Files\ImGui</Filter>
    </ClCompile>
    <ClCompile Include="dxApplication.cpp">
      <Filter>Source Files\DirectXWrappers</Filter>
    </ClCompile>
    <ClCompile Include="dxDevice.cpp">
      <Filter>Source Files\DirectXWrappers</Filter>
    </ClCompile>
    <ClCompile Include="dxStructures.cpp">
      <Filter>Source Files\DirectXWrappers</Filter>
    </ClCompile>
    <ClCompile Include="camera.cpp">
      <Filter>Source Files\Cameras</Filter>
    </ClCompile>
    <ClCompile Include="CameraController.cpp">
      <Filter>Source Files\Cameras</Filter>
    </ClCompile>
    <ClCompile Include="ObjectFactory.cpp">
      <Filter>Source Files\CadSpecific\Objects</Filter>
    </ClCompile>
    <ClCompile Include="torusGenerator.cpp">
      <Filter>Source Files\CadSpecific\Objects</Filter>
    </ClCompile>
    <ClCompile Include="Scene.cpp">
      <Filter>Source Files\CadSpecific\Scene</Filter>
    </ClCompile>
    <ClCompile Include="Transform.cpp">
      <Filter>Source Files\CadSpecific\Objects</Filter>
    </ClCompile>
    <ClCompile Include="Torus.cpp">
      <Filter>Source Files\CadSpecific\Objects\Concrete</Filter>
    </ClCompile>
    <ClCompile Include="Node.cpp">
      <Filter>Source Files\CadSpecific\Scene</Filter>
    </ClCompile>
    <ClCompile Include="Object.cpp">
      <Filter>Source Files\CadSpecific\Objects\Type</Filter>
    </ClCompile>
    <ClCompile Include="MeshObject.cpp">
      <Filter>Source Files\CadSpecific\Objects\Type</Filter>
    </ClCompile>
    <ClCompile Include="ParametrizedObject2D.cpp">
      <Filter>Source Files\CadSpecific\Objects\Type</Filter>
    </ClCompile>
    <ClCompile Include="Point.cpp">
      <Filter>Source Files\CadSpecific\Objects\Concrete</Filter>
    </ClCompile>
    <ClCompile Include="SpawnMarker.cpp">
      <Filter>Source Files\CadSpecific\Objects\Concrete</Filter>
    </ClCompile>
    <ClCompile Include="renderState.cpp">
      <Filter>Source Files\Rendering</Filter>
    </ClCompile>
    <ClCompile Include="vertexStructures.cpp">
      <Filter>Source Files\CadSpecific\Utils</Filter>
    </ClCompile>
    <ClCompile Include="ObjectTransformer.cpp">
      <Filter>Source Files\CadSpecific\Transformations</Filter>
    </ClCompile>
    <ClCompile Include="TransformationController.cpp">
      <Filter>Source Files\CadSpecific\Transformations</Filter>
    </ClCompile>
    <ClCompile Include="PointSelector.cpp">
      <Filter>Source Files\CadSpecific</Filter>
    </ClCompile>
    <ClCompile Include="exceptions.cpp">
      <Filter>Source Files\Window</Filter>
    </ClCompile>
    <ClCompile Include="window.cpp">
      <Filter>Source Files\Window</Filter>
    </ClCompile>
    <ClCompile Include="windowApplication.cpp">
      <Filter>Source Files\Window</Filter>
    </ClCompile>
    <ClCompile Include="main.cpp">
      <Filter>Source Files</Filter>
    </ClCompile>
    <ClCompile Include="GroupNode.cpp">
      <Filter>Source Files\CadSpecific\Scene</Filter>
    </ClCompile>
    <ClCompile Include="BezierCurve.cpp">
      <Filter>Source Files\CadSpecific\Objects\Concrete</Filter>
    </ClCompile>
    <ClCompile Include="bezierCalculator.cpp">
      <Filter>Source Files\CadSpecific\Utils</Filter>
    </ClCompile>
    <ClCompile Include="adaptiveRenderingCalculator.cpp">
      <Filter>Source Files\Rendering</Filter>
    </ClCompile>
    <ClCompile Include="BezierCurveC2.cpp">
      <Filter>Source Files\CadSpecific\Objects\Concrete</Filter>
    </ClCompile>
    <ClCompile Include="mathUtils.cpp">
      <Filter>Source Files\CadSpecific\Utils</Filter>
    </ClCompile>
    <ClCompile Include="DefaultRenderPass.cpp">
      <Filter>Source Files\Rendering\RenderPass</Filter>
    </ClCompile>
    <ClCompile Include="StereoscopicRenderPass.cpp">
      <Filter>Source Files\Rendering\RenderPass</Filter>
    </ClCompile>
    <ClCompile Include="BackBufferRenderTarget.cpp">
      <Filter>Source Files\Rendering\RenderTargets</Filter>
    </ClCompile>
    <ClCompile Include="TextureRenderTarget.cpp">
      <Filter>Source Files\Rendering\RenderTargets</Filter>
    </ClCompile>
    <ClCompile Include="InterpolationBezierCurveC2.cpp">
      <Filter>Source Files\CadSpecific\Objects\Concrete</Filter>
    </ClCompile>
    <ClCompile Include="generalUtils.cpp">
      <Filter>Source Files\CadSpecific\Utils</Filter>
    </ClCompile>
    <ClCompile Include="SceneGrid.cpp">
      <Filter>Source Files\CadSpecific\Objects\Concrete</Filter>
    </ClCompile>
    <ClCompile Include="BezierPatch.cpp">
      <Filter>Source Files\CadSpecific\Objects\Concrete</Filter>
    </ClCompile>
    <ClCompile Include="BezierSurfaceC0.cpp">
      <Filter>Source Files</Filter>
    </ClCompile>
  </ItemGroup>
  <ItemGroup>
    <FxCompile Include="ps.hlsl">
      <Filter>Shaders</Filter>
    </FxCompile>
    <FxCompile Include="vs.hlsl">
      <Filter>Shaders</Filter>
    </FxCompile>
    <FxCompile Include="bezierGs.hlsl">
      <Filter>Shaders</Filter>
    </FxCompile>
    <FxCompile Include="psTex.hlsl">
      <Filter>Shaders\Texture Rendering</Filter>
    </FxCompile>
    <FxCompile Include="vsTex.hlsl">
      <Filter>Shaders\Texture Rendering</Filter>
    </FxCompile>
    <FxCompile Include="patchGS.hlsl">
      <Filter>Shaders</Filter>
    </FxCompile>
    <FxCompile Include="patchDS.hlsl">
      <Filter>Shaders\BezierPatch</Filter>
    </FxCompile>
    <FxCompile Include="patchHS.hlsl">
      <Filter>Shaders\BezierPatch</Filter>
    </FxCompile>
    <FxCompile Include="ssVs.hlsl">
      <Filter>Shaders</Filter>
    </FxCompile>
    <FxCompile Include="ssPs.hlsl">
      <Filter>Shaders</Filter>
    </FxCompile>
  </ItemGroup>
  <ItemGroup>
    <None Include="ShaderStructs.hlsli">
      <Filter>Shaders</Filter>
    </None>
    <None Include="tesselStructs.hlsli">
      <Filter>Shaders\BezierPatch</Filter>
    </None>
  </ItemGroup>
</Project>